// !$*UTF8*$!
{
	archiveVersion = 1;
	classes = {
	};
	objectVersion = 46;
	objects = {

/* Begin PBXBuildFile section */
		7D54F94F1EF814900067905B /* Logon.storyboard in Resources */ = {isa = PBXBuildFile; fileRef = 7D54F94E1EF814900067905B /* Logon.storyboard */; };
		7D54F9521EF81D260067905B /* AppModule.swift in Sources */ = {isa = PBXBuildFile; fileRef = 7D54F9511EF81D250067905B /* AppModule.swift */; };
		7D54F9541EF81DBB0067905B /* JsonHelper.swift in Sources */ = {isa = PBXBuildFile; fileRef = 7D54F9531EF81DBB0067905B /* JsonHelper.swift */; };
		7D54F9561EF81FBF0067905B /* LogonEmailTVC.swift in Sources */ = {isa = PBXBuildFile; fileRef = 7D54F9551EF81FBF0067905B /* LogonEmailTVC.swift */; };
		7D54F9581EF820420067905B /* LogonEmailCodeTVC.swift in Sources */ = {isa = PBXBuildFile; fileRef = 7D54F9571EF820420067905B /* LogonEmailCodeTVC.swift */; };
		7D54F95C1EF842D10067905B /* UserData.swift in Sources */ = {isa = PBXBuildFile; fileRef = 7D54F95B1EF842D10067905B /* UserData.swift */; };
		7D54F95E1EF846BB0067905B /* LogoVC.swift in Sources */ = {isa = PBXBuildFile; fileRef = 7D54F95D1EF846BB0067905B /* LogoVC.swift */; };
		7D54F9601EF86F970067905B /* AssessmentTVC.swift in Sources */ = {isa = PBXBuildFile; fileRef = 7D54F95F1EF86F970067905B /* AssessmentTVC.swift */; };
		7D54F9621EF87F740067905B /* ProfileTVC.swift in Sources */ = {isa = PBXBuildFile; fileRef = 7D54F9611EF87F740067905B /* ProfileTVC.swift */; };
		7D54F9661EF88E7E0067905B /* QuestCell.swift in Sources */ = {isa = PBXBuildFile; fileRef = 7D54F9651EF88E7E0067905B /* QuestCell.swift */; };
		7D54F9691EF890200067905B /* CosmosDistrib.swift in Sources */ = {isa = PBXBuildFile; fileRef = 7D54F9681EF890200067905B /* CosmosDistrib.swift */; };
		7D8F40A51EE698EB0041B76A /* AppDelegate.swift in Sources */ = {isa = PBXBuildFile; fileRef = 7D8F40A41EE698EB0041B76A /* AppDelegate.swift */; };
		7D8F40A71EE698EB0041B76A /* ViewController.swift in Sources */ = {isa = PBXBuildFile; fileRef = 7D8F40A61EE698EB0041B76A /* ViewController.swift */; };
		7D8F40AA1EE698EB0041B76A /* Main.storyboard in Resources */ = {isa = PBXBuildFile; fileRef = 7D8F40A81EE698EB0041B76A /* Main.storyboard */; };
		7D8F40AC1EE698EB0041B76A /* Assets.xcassets in Resources */ = {isa = PBXBuildFile; fileRef = 7D8F40AB1EE698EB0041B76A /* Assets.xcassets */; };
		7D8F40AF1EE698EB0041B76A /* LaunchScreen.storyboard in Resources */ = {isa = PBXBuildFile; fileRef = 7D8F40AD1EE698EB0041B76A /* LaunchScreen.storyboard */; };
		7D8F40B81EE69B390041B76A /* Directory.storyboard in Resources */ = {isa = PBXBuildFile; fileRef = 7D8F40B71EE69B390041B76A /* Directory.storyboard */; };
		7D8F40BA1EE69E090041B76A /* SearchTVC.swift in Sources */ = {isa = PBXBuildFile; fileRef = 7D8F40B91EE69E090041B76A /* SearchTVC.swift */; };
		7DB1908C1EFD4573008DFD3A /* SearchCell.swift in Sources */ = {isa = PBXBuildFile; fileRef = 7DB1908B1EFD4573008DFD3A /* SearchCell.swift */; };
		7DF3F6B51F04E43300E80F61 /* HistoryTVC.swift in Sources */ = {isa = PBXBuildFile; fileRef = 7DF3F6B41F04E43300E80F61 /* HistoryTVC.swift */; };
/* End PBXBuildFile section */

/* Begin PBXFileReference section */
		7D54F94E1EF814900067905B /* Logon.storyboard */ = {isa = PBXFileReference; fileEncoding = 4; lastKnownFileType = file.storyboard; path = Logon.storyboard; sourceTree = "<group>"; };
		7D54F9511EF81D250067905B /* AppModule.swift */ = {isa = PBXFileReference; fileEncoding = 4; lastKnownFileType = sourcecode.swift; path = AppModule.swift; sourceTree = "<group>"; };
		7D54F9531EF81DBB0067905B /* JsonHelper.swift */ = {isa = PBXFileReference; fileEncoding = 4; lastKnownFileType = sourcecode.swift; path = JsonHelper.swift; sourceTree = "<group>"; };
		7D54F9551EF81FBF0067905B /* LogonEmailTVC.swift */ = {isa = PBXFileReference; fileEncoding = 4; lastKnownFileType = sourcecode.swift; path = LogonEmailTVC.swift; sourceTree = "<group>"; };
		7D54F9571EF820420067905B /* LogonEmailCodeTVC.swift */ = {isa = PBXFileReference; fileEncoding = 4; lastKnownFileType = sourcecode.swift; path = LogonEmailCodeTVC.swift; sourceTree = "<group>"; };
		7D54F95B1EF842D10067905B /* UserData.swift */ = {isa = PBXFileReference; fileEncoding = 4; lastKnownFileType = sourcecode.swift; path = UserData.swift; sourceTree = "<group>"; };
		7D54F95D1EF846BB0067905B /* LogoVC.swift */ = {isa = PBXFileReference; fileEncoding = 4; lastKnownFileType = sourcecode.swift; path = LogoVC.swift; sourceTree = "<group>"; };
		7D54F95F1EF86F970067905B /* AssessmentTVC.swift */ = {isa = PBXFileReference; fileEncoding = 4; lastKnownFileType = sourcecode.swift; path = AssessmentTVC.swift; sourceTree = "<group>"; };
		7D54F9611EF87F740067905B /* ProfileTVC.swift */ = {isa = PBXFileReference; fileEncoding = 4; lastKnownFileType = sourcecode.swift; path = ProfileTVC.swift; sourceTree = "<group>"; };
		7D54F9651EF88E7E0067905B /* QuestCell.swift */ = {isa = PBXFileReference; fileEncoding = 4; lastKnownFileType = sourcecode.swift; path = QuestCell.swift; sourceTree = "<group>"; };
		7D54F9681EF890200067905B /* CosmosDistrib.swift */ = {isa = PBXFileReference; fileEncoding = 4; lastKnownFileType = sourcecode.swift; path = CosmosDistrib.swift; sourceTree = "<group>"; };
		7D8F40A11EE698EB0041B76A /* eyNosedive.app */ = {isa = PBXFileReference; explicitFileType = wrapper.application; includeInIndex = 0; path = eyNosedive.app; sourceTree = BUILT_PRODUCTS_DIR; };
		7D8F40A41EE698EB0041B76A /* AppDelegate.swift */ = {isa = PBXFileReference; lastKnownFileType = sourcecode.swift; path = AppDelegate.swift; sourceTree = "<group>"; };
		7D8F40A61EE698EB0041B76A /* ViewController.swift */ = {isa = PBXFileReference; lastKnownFileType = sourcecode.swift; path = ViewController.swift; sourceTree = "<group>"; };
		7D8F40A91EE698EB0041B76A /* Base */ = {isa = PBXFileReference; lastKnownFileType = file.storyboard; name = Base; path = Base.lproj/Main.storyboard; sourceTree = "<group>"; };
		7D8F40AB1EE698EB0041B76A /* Assets.xcassets */ = {isa = PBXFileReference; lastKnownFileType = folder.assetcatalog; path = Assets.xcassets; sourceTree = "<group>"; };
		7D8F40AE1EE698EB0041B76A /* Base */ = {isa = PBXFileReference; lastKnownFileType = file.storyboard; name = Base; path = Base.lproj/LaunchScreen.storyboard; sourceTree = "<group>"; };
		7D8F40B01EE698EB0041B76A /* Info.plist */ = {isa = PBXFileReference; lastKnownFileType = text.plist.xml; path = Info.plist; sourceTree = "<group>"; };
		7D8F40B71EE69B390041B76A /* Directory.storyboard */ = {isa = PBXFileReference; fileEncoding = 4; lastKnownFileType = file.storyboard; path = Directory.storyboard; sourceTree = "<group>"; };
		7D8F40B91EE69E090041B76A /* SearchTVC.swift */ = {isa = PBXFileReference; fileEncoding = 4; lastKnownFileType = sourcecode.swift; path = SearchTVC.swift; sourceTree = "<group>"; };
		7DB1908B1EFD4573008DFD3A /* SearchCell.swift */ = {isa = PBXFileReference; fileEncoding = 4; lastKnownFileType = sourcecode.swift; path = SearchCell.swift; sourceTree = "<group>"; };
		7DF3F6B41F04E43300E80F61 /* HistoryTVC.swift */ = {isa = PBXFileReference; fileEncoding = 4; lastKnownFileType = sourcecode.swift; path = HistoryTVC.swift; sourceTree = "<group>"; };
/* End PBXFileReference section */

/* Begin PBXFrameworksBuildPhase section */
		7D8F409E1EE698EB0041B76A /* Frameworks */ = {
			isa = PBXFrameworksBuildPhase;
			buildActionMask = 2147483647;
			files = (
			);
			runOnlyForDeploymentPostprocessing = 0;
		};
/* End PBXFrameworksBuildPhase section */

/* Begin PBXGroup section */
		7D54F94D1EF8145D0067905B /* Logon */ = {
			isa = PBXGroup;
			children = (
				7D54F94E1EF814900067905B /* Logon.storyboard */,
				7D54F95D1EF846BB0067905B /* LogoVC.swift */,
				7D54F9551EF81FBF0067905B /* LogonEmailTVC.swift */,
				7D54F9571EF820420067905B /* LogonEmailCodeTVC.swift */,
			);
			name = Logon;
			sourceTree = "<group>";
		};
		7D54F9501EF815AB0067905B /* Data */ = {
			isa = PBXGroup;
			children = (
				7D54F95B1EF842D10067905B /* UserData.swift */,
			);
			name = Data;
			sourceTree = "<group>";
		};
		7D54F9671EF88FF60067905B /* 3rd */ = {
			isa = PBXGroup;
			children = (
				7D54F9681EF890200067905B /* CosmosDistrib.swift */,
			);
			name = 3rd;
			sourceTree = "<group>";
		};
		7D8F40981EE698EB0041B76A = {
			isa = PBXGroup;
			children = (
				7D8F40A31EE698EB0041B76A /* eyNosedive */,
				7D8F40A21EE698EB0041B76A /* Products */,
			);
			sourceTree = "<group>";
		};
		7D8F40A21EE698EB0041B76A /* Products */ = {
			isa = PBXGroup;
			children = (
				7D8F40A11EE698EB0041B76A /* eyNosedive.app */,
			);
			name = Products;
			sourceTree = "<group>";
		};
		7D8F40A31EE698EB0041B76A /* eyNosedive */ = {
			isa = PBXGroup;
			children = (
				7D8F40A41EE698EB0041B76A /* AppDelegate.swift */,
				7D8F40A61EE698EB0041B76A /* ViewController.swift */,
				7D8F40A81EE698EB0041B76A /* Main.storyboard */,
				7D8F40AB1EE698EB0041B76A /* Assets.xcassets */,
				7D8F40AD1EE698EB0041B76A /* LaunchScreen.storyboard */,
				7D8F40B01EE698EB0041B76A /* Info.plist */,
				7D54F9511EF81D250067905B /* AppModule.swift */,
				7D54F9531EF81DBB0067905B /* JsonHelper.swift */,
				7D8F40B61EE69B0B0041B76A /* Directory */,
				7D54F94D1EF8145D0067905B /* Logon */,
				7D54F9501EF815AB0067905B /* Data */,
				7D54F9671EF88FF60067905B /* 3rd */,
			);
			path = eyNosedive;
			sourceTree = "<group>";
		};
		7D8F40B61EE69B0B0041B76A /* Directory */ = {
			isa = PBXGroup;
			children = (
				7D8F40B71EE69B390041B76A /* Directory.storyboard */,
				7DB1908B1EFD4573008DFD3A /* SearchCell.swift */,
				7D8F40B91EE69E090041B76A /* SearchTVC.swift */,
				7D54F9651EF88E7E0067905B /* QuestCell.swift */,
				7D54F95F1EF86F970067905B /* AssessmentTVC.swift */,
				7D54F9611EF87F740067905B /* ProfileTVC.swift */,
				7DF3F6B41F04E43300E80F61 /* HistoryTVC.swift */,
			);
			name = Directory;
			sourceTree = "<group>";
		};
/* End PBXGroup section */

/* Begin PBXNativeTarget section */
		7D8F40A01EE698EB0041B76A /* eyNosedive */ = {
			isa = PBXNativeTarget;
			buildConfigurationList = 7D8F40B31EE698EB0041B76A /* Build configuration list for PBXNativeTarget "eyNosedive" */;
			buildPhases = (
				7D8F409D1EE698EB0041B76A /* Sources */,
				7D8F409E1EE698EB0041B76A /* Frameworks */,
				7D8F409F1EE698EB0041B76A /* Resources */,
			);
			buildRules = (
			);
			dependencies = (
			);
			name = eyNosedive;
			productName = eyNosedive;
			productReference = 7D8F40A11EE698EB0041B76A /* eyNosedive.app */;
			productType = "com.apple.product-type.application";
		};
/* End PBXNativeTarget section */

/* Begin PBXProject section */
		7D8F40991EE698EB0041B76A /* Project object */ = {
			isa = PBXProject;
			attributes = {
				LastSwiftUpdateCheck = 0830;
				LastUpgradeCheck = 0830;
				ORGANIZATIONNAME = EY;
				TargetAttributes = {
					7D8F40A01EE698EB0041B76A = {
						CreatedOnToolsVersion = 8.3.2;
						DevelopmentTeam = 96ZPQBX8HX;
						ProvisioningStyle = Automatic;
					};
				};
			};
			buildConfigurationList = 7D8F409C1EE698EB0041B76A /* Build configuration list for PBXProject "eyNosedive" */;
			compatibilityVersion = "Xcode 3.2";
			developmentRegion = English;
			hasScannedForEncodings = 0;
			knownRegions = (
				en,
				Base,
			);
			mainGroup = 7D8F40981EE698EB0041B76A;
			productRefGroup = 7D8F40A21EE698EB0041B76A /* Products */;
			projectDirPath = "";
			projectRoot = "";
			targets = (
				7D8F40A01EE698EB0041B76A /* eyNosedive */,
			);
		};
/* End PBXProject section */

/* Begin PBXResourcesBuildPhase section */
		7D8F409F1EE698EB0041B76A /* Resources */ = {
			isa = PBXResourcesBuildPhase;
			buildActionMask = 2147483647;
			files = (
				7D8F40B81EE69B390041B76A /* Directory.storyboard in Resources */,
				7D54F94F1EF814900067905B /* Logon.storyboard in Resources */,
				7D8F40AF1EE698EB0041B76A /* LaunchScreen.storyboard in Resources */,
				7D8F40AC1EE698EB0041B76A /* Assets.xcassets in Resources */,
				7D8F40AA1EE698EB0041B76A /* Main.storyboard in Resources */,
			);
			runOnlyForDeploymentPostprocessing = 0;
		};
/* End PBXResourcesBuildPhase section */

/* Begin PBXSourcesBuildPhase section */
		7D8F409D1EE698EB0041B76A /* Sources */ = {
			isa = PBXSourcesBuildPhase;
			buildActionMask = 2147483647;
			files = (
				7D54F9661EF88E7E0067905B /* QuestCell.swift in Sources */,
				7D54F9621EF87F740067905B /* ProfileTVC.swift in Sources */,
				7D54F95E1EF846BB0067905B /* LogoVC.swift in Sources */,
				7DB1908C1EFD4573008DFD3A /* SearchCell.swift in Sources */,
				7D54F9581EF820420067905B /* LogonEmailCodeTVC.swift in Sources */,
				7D54F9521EF81D260067905B /* AppModule.swift in Sources */,
				7D54F95C1EF842D10067905B /* UserData.swift in Sources */,
				7D8F40A71EE698EB0041B76A /* ViewController.swift in Sources */,
				7D54F9601EF86F970067905B /* AssessmentTVC.swift in Sources */,
				7D54F9561EF81FBF0067905B /* LogonEmailTVC.swift in Sources */,
				7DF3F6B51F04E43300E80F61 /* HistoryTVC.swift in Sources */,
				7D54F9691EF890200067905B /* CosmosDistrib.swift in Sources */,
				7D54F9541EF81DBB0067905B /* JsonHelper.swift in Sources */,
				7D8F40BA1EE69E090041B76A /* SearchTVC.swift in Sources */,
				7D8F40A51EE698EB0041B76A /* AppDelegate.swift in Sources */,
			);
			runOnlyForDeploymentPostprocessing = 0;
		};
/* End PBXSourcesBuildPhase section */

/* Begin PBXVariantGroup section */
		7D8F40A81EE698EB0041B76A /* Main.storyboard */ = {
			isa = PBXVariantGroup;
			children = (
				7D8F40A91EE698EB0041B76A /* Base */,
			);
			name = Main.storyboard;
			sourceTree = "<group>";
		};
		7D8F40AD1EE698EB0041B76A /* LaunchScreen.storyboard */ = {
			isa = PBXVariantGroup;
			children = (
				7D8F40AE1EE698EB0041B76A /* Base */,
			);
			name = LaunchScreen.storyboard;
			sourceTree = "<group>";
		};
/* End PBXVariantGroup section */

/* Begin XCBuildConfiguration section */
		7D8F40B11EE698EB0041B76A /* Debug */ = {
			isa = XCBuildConfiguration;
			buildSettings = {
				ALWAYS_SEARCH_USER_PATHS = NO;
				CLANG_ANALYZER_NONNULL = YES;
				CLANG_ANALYZER_NUMBER_OBJECT_CONVERSION = YES_AGGRESSIVE;
				CLANG_CXX_LANGUAGE_STANDARD = "gnu++0x";
				CLANG_CXX_LIBRARY = "libc++";
				CLANG_ENABLE_MODULES = YES;
				CLANG_ENABLE_OBJC_ARC = YES;
				CLANG_WARN_BOOL_CONVERSION = YES;
				CLANG_WARN_CONSTANT_CONVERSION = YES;
				CLANG_WARN_DIRECT_OBJC_ISA_USAGE = YES_ERROR;
				CLANG_WARN_DOCUMENTATION_COMMENTS = YES;
				CLANG_WARN_EMPTY_BODY = YES;
				CLANG_WARN_ENUM_CONVERSION = YES;
				CLANG_WARN_INFINITE_RECURSION = YES;
				CLANG_WARN_INT_CONVERSION = YES;
				CLANG_WARN_OBJC_ROOT_CLASS = YES_ERROR;
				CLANG_WARN_SUSPICIOUS_MOVE = YES;
				CLANG_WARN_UNREACHABLE_CODE = YES;
				CLANG_WARN__DUPLICATE_METHOD_MATCH = YES;
				"CODE_SIGN_IDENTITY[sdk=iphoneos*]" = "iPhone Developer";
				COPY_PHASE_STRIP = NO;
				DEBUG_INFORMATION_FORMAT = dwarf;
				ENABLE_STRICT_OBJC_MSGSEND = YES;
				ENABLE_TESTABILITY = YES;
				GCC_C_LANGUAGE_STANDARD = gnu99;
				GCC_DYNAMIC_NO_PIC = NO;
				GCC_NO_COMMON_BLOCKS = YES;
				GCC_OPTIMIZATION_LEVEL = 0;
				GCC_PREPROCESSOR_DEFINITIONS = (
					"DEBUG=1",
					"$(inherited)",
				);
				GCC_WARN_64_TO_32_BIT_CONVERSION = YES;
				GCC_WARN_ABOUT_RETURN_TYPE = YES_ERROR;
				GCC_WARN_UNDECLARED_SELECTOR = YES;
				GCC_WARN_UNINITIALIZED_AUTOS = YES_AGGRESSIVE;
				GCC_WARN_UNUSED_FUNCTION = YES;
				GCC_WARN_UNUSED_VARIABLE = YES;
				IPHONEOS_DEPLOYMENT_TARGET = 10.3;
				MTL_ENABLE_DEBUG_INFO = YES;
				ONLY_ACTIVE_ARCH = YES;
				SDKROOT = iphoneos;
				SWIFT_ACTIVE_COMPILATION_CONDITIONS = DEBUG;
				SWIFT_OPTIMIZATION_LEVEL = "-Onone";
			};
			name = Debug;
		};
		7D8F40B21EE698EB0041B76A /* Release */ = {
			isa = XCBuildConfiguration;
			buildSettings = {
				ALWAYS_SEARCH_USER_PATHS = NO;
				CLANG_ANALYZER_NONNULL = YES;
				CLANG_ANALYZER_NUMBER_OBJECT_CONVERSION = YES_AGGRESSIVE;
				CLANG_CXX_LANGUAGE_STANDARD = "gnu++0x";
				CLANG_CXX_LIBRARY = "libc++";
				CLANG_ENABLE_MODULES = YES;
				CLANG_ENABLE_OBJC_ARC = YES;
				CLANG_WARN_BOOL_CONVERSION = YES;
				CLANG_WARN_CONSTANT_CONVERSION = YES;
				CLANG_WARN_DIRECT_OBJC_ISA_USAGE = YES_ERROR;
				CLANG_WARN_DOCUMENTATION_COMMENTS = YES;
				CLANG_WARN_EMPTY_BODY = YES;
				CLANG_WARN_ENUM_CONVERSION = YES;
				CLANG_WARN_INFINITE_RECURSION = YES;
				CLANG_WARN_INT_CONVERSION = YES;
				CLANG_WARN_OBJC_ROOT_CLASS = YES_ERROR;
				CLANG_WARN_SUSPICIOUS_MOVE = YES;
				CLANG_WARN_UNREACHABLE_CODE = YES;
				CLANG_WARN__DUPLICATE_METHOD_MATCH = YES;
				"CODE_SIGN_IDENTITY[sdk=iphoneos*]" = "iPhone Developer";
				COPY_PHASE_STRIP = NO;
				DEBUG_INFORMATION_FORMAT = "dwarf-with-dsym";
				ENABLE_NS_ASSERTIONS = NO;
				ENABLE_STRICT_OBJC_MSGSEND = YES;
				GCC_C_LANGUAGE_STANDARD = gnu99;
				GCC_NO_COMMON_BLOCKS = YES;
				GCC_WARN_64_TO_32_BIT_CONVERSION = YES;
				GCC_WARN_ABOUT_RETURN_TYPE = YES_ERROR;
				GCC_WARN_UNDECLARED_SELECTOR = YES;
				GCC_WARN_UNINITIALIZED_AUTOS = YES_AGGRESSIVE;
				GCC_WARN_UNUSED_FUNCTION = YES;
				GCC_WARN_UNUSED_VARIABLE = YES;
				IPHONEOS_DEPLOYMENT_TARGET = 10.3;
				MTL_ENABLE_DEBUG_INFO = NO;
				SDKROOT = iphoneos;
				SWIFT_OPTIMIZATION_LEVEL = "-Owholemodule";
				VALIDATE_PRODUCT = YES;
			};
			name = Release;
		};
		7D8F40B41EE698EB0041B76A /* Debug */ = {
			isa = XCBuildConfiguration;
			buildSettings = {
				ASSETCATALOG_COMPILER_APPICON_NAME = AppIcon;
				CODE_SIGN_IDENTITY = "iPhone Developer";
				"CODE_SIGN_IDENTITY[sdk=iphoneos*]" = "iPhone Developer";
				DEVELOPMENT_TEAM = 96ZPQBX8HX;
				INFOPLIST_FILE = eyNosedive/Info.plist;
				LD_RUNPATH_SEARCH_PATHS = "$(inherited) @executable_path/Frameworks";
				PRODUCT_BUNDLE_IDENTIFIER = ru.grigh.eyNosedive;
				PRODUCT_NAME = "$(TARGET_NAME)";
				SWIFT_VERSION = 3.0;
			};
			name = Debug;
		};
		7D8F40B51EE698EB0041B76A /* Release */ = {
			isa = XCBuildConfiguration;
			buildSettings = {
				ASSETCATALOG_COMPILER_APPICON_NAME = AppIcon;
				CODE_SIGN_IDENTITY = "iPhone Developer";
				DEVELOPMENT_TEAM = 96ZPQBX8HX;
				INFOPLIST_FILE = eyNosedive/Info.plist;
				LD_RUNPATH_SEARCH_PATHS = "$(inherited) @executable_path/Frameworks";
				PRODUCT_BUNDLE_IDENTIFIER = ru.grigh.eyNosedive;
				PRODUCT_NAME = "$(TARGET_NAME)";
				SWIFT_VERSION = 3.0;
			};
			name = Release;
		};
/* End XCBuildConfiguration section */

/* Begin XCConfigurationList section */
		7D8F409C1EE698EB0041B76A /* Build configuration list for PBXProject "eyNosedive" */ = {
			isa = XCConfigurationList;
			buildConfigurations = (
				7D8F40B11EE698EB0041B76A /* Debug */,
				7D8F40B21EE698EB0041B76A /* Release */,
			);
			defaultConfigurationIsVisible = 0;
			defaultConfigurationName = Release;
		};
		7D8F40B31EE698EB0041B76A /* Build configuration list for PBXNativeTarget "eyNosedive" */ = {
			isa = XCConfigurationList;
			buildConfigurations = (
				7D8F40B41EE698EB0041B76A /* Debug */,
				7D8F40B51EE698EB0041B76A /* Release */,
			);
			defaultConfigurationIsVisible = 0;
			defaultConfigurationName = Release;
		};
/* End XCConfigurationList section */
	};
	rootObject = 7D8F40991EE698EB0041B76A /* Project object */;
}
